// !$*UTF8*$!
{
	archiveVersion = 1;
	classes = {
	};
	objectVersion = 45;
	objects = {

/* Begin PBXBuildFile section */
		8DD76FAC0486AB0100D96B5E /* main.c in Sources */ = {isa = PBXBuildFile; fileRef = 08FB7796FE84155DC02AAC07 /* main.c */; settings = {ATTRIBUTES = (); }; };
		8DD76FB00486AB0100D96B5E /* SteadyStateAg.1 in CopyFiles */ = {isa = PBXBuildFile; fileRef = C6A0FF2C0290799A04C91782 /* SteadyStateAg.1 */; };
		936A33C41017961900420E44 /* ReadIn.c in Sources */ = {isa = PBXBuildFile; fileRef = 936A33C31017961900420E44 /* ReadIn.c */; };
		936A33CE1017A24C00420E44 /* SetupInitialBed.c in Sources */ = {isa = PBXBuildFile; fileRef = 936A33CD1017A24C00420E44 /* SetupInitialBed.c */; };
		936A33D11017A3EA00420E44 /* Initialize.c in Sources */ = {isa = PBXBuildFile; fileRef = 936A33D01017A3EA00420E44 /* Initialize.c */; };
		936A33DB1017A7BB00420E44 /* FindInitialValues.c in Sources */ = {isa = PBXBuildFile; fileRef = 936A33DA1017A7BB00420E44 /* FindInitialValues.c */; };
		936A33E71017B07F00420E44 /* FindEta.c in Sources */ = {isa = PBXBuildFile; fileRef = 936A33E61017B07F00420E44 /* FindEta.c */; };
		936A33EB1017B26700420E44 /* Run.c in Sources */ = {isa = PBXBuildFile; fileRef = 936A33EA1017B26700420E44 /* Run.c */; };
		936A33EF1017B31E00420E44 /* WriteOut.c in Sources */ = {isa = PBXBuildFile; fileRef = 936A33EE1017B31E00420E44 /* WriteOut.c */; };
		936A33F51017B63E00420E44 /* Finalize.c in Sources */ = {isa = PBXBuildFile; fileRef = 936A33F41017B63E00420E44 /* Finalize.c */; };
/* End PBXBuildFile section */

/* Begin PBXCopyFilesBuildPhase section */
		8DD76FAF0486AB0100D96B5E /* CopyFiles */ = {
			isa = PBXCopyFilesBuildPhase;
			buildActionMask = 8;
			dstPath = /usr/share/man/man1/;
			dstSubfolderSpec = 0;
			files = (
				8DD76FB00486AB0100D96B5E /* SteadyStateAg.1 in CopyFiles */,
			);
			runOnlyForDeploymentPostprocessing = 1;
		};
/* End PBXCopyFilesBuildPhase section */

/* Begin PBXFileReference section */
		08FB7796FE84155DC02AAC07 /* main.c */ = {isa = PBXFileReference; fileEncoding = 4; lastKnownFileType = sourcecode.c.c; path = main.c; sourceTree = "<group>"; };
		8DD76FB20486AB0100D96B5E /* SteadyStateAg */ = {isa = PBXFileReference; explicitFileType = "compiled.mach-o.executable"; includeInIndex = 0; path = SteadyStateAg; sourceTree = BUILT_PRODUCTS_DIR; };
		936A33C21017961900420E44 /* ReadIn.h */ = {isa = PBXFileReference; fileEncoding = 4; lastKnownFileType = sourcecode.c.h; path = ReadIn.h; sourceTree = "<group>"; };
		936A33C31017961900420E44 /* ReadIn.c */ = {isa = PBXFileReference; fileEncoding = 4; lastKnownFileType = sourcecode.c.c; path = ReadIn.c; sourceTree = "<group>"; };
		936A33CC1017A24C00420E44 /* SetupInitialBed.h */ = {isa = PBXFileReference; fileEncoding = 4; lastKnownFileType = sourcecode.c.h; path = SetupInitialBed.h; sourceTree = "<group>"; };
		936A33CD1017A24C00420E44 /* SetupInitialBed.c */ = {isa = PBXFileReference; fileEncoding = 4; lastKnownFileType = sourcecode.c.c; path = SetupInitialBed.c; sourceTree = "<group>"; };
		936A33CF1017A3EA00420E44 /* Initialize.h */ = {isa = PBXFileReference; fileEncoding = 4; lastKnownFileType = sourcecode.c.h; path = Initialize.h; sourceTree = "<group>"; };
		936A33D01017A3EA00420E44 /* Initialize.c */ = {isa = PBXFileReference; fileEncoding = 4; lastKnownFileType = sourcecode.c.c; path = Initialize.c; sourceTree = "<group>"; };
		936A33D91017A7BB00420E44 /* FindInitialValues.h */ = {isa = PBXFileReference; fileEncoding = 4; lastKnownFileType = sourcecode.c.h; path = FindInitialValues.h; sourceTree = "<group>"; };
		936A33DA1017A7BB00420E44 /* FindInitialValues.c */ = {isa = PBXFileReference; fileEncoding = 4; lastKnownFileType = sourcecode.c.c; path = FindInitialValues.c; sourceTree = "<group>"; };
		936A33E51017B07F00420E44 /* FindEta.h */ = {isa = PBXFileReference; fileEncoding = 4; lastKnownFileType = sourcecode.c.h; path = FindEta.h; sourceTree = "<group>"; };
		936A33E61017B07F00420E44 /* FindEta.c */ = {isa = PBXFileReference; fileEncoding = 4; lastKnownFileType = sourcecode.c.c; path = FindEta.c; sourceTree = "<group>"; };
		936A33E91017B26700420E44 /* Run.h */ = {isa = PBXFileReference; fileEncoding = 4; lastKnownFileType = sourcecode.c.h; path = Run.h; sourceTree = "<group>"; };
		936A33EA1017B26700420E44 /* Run.c */ = {isa = PBXFileReference; fileEncoding = 4; lastKnownFileType = sourcecode.c.c; path = Run.c; sourceTree = "<group>"; };
		936A33ED1017B31E00420E44 /* WriteOut.h */ = {isa = PBXFileReference; fileEncoding = 4; lastKnownFileType = sourcecode.c.h; path = WriteOut.h; sourceTree = "<group>"; };
		936A33EE1017B31E00420E44 /* WriteOut.c */ = {isa = PBXFileReference; fileEncoding = 4; lastKnownFileType = sourcecode.c.c; path = WriteOut.c; sourceTree = "<group>"; };
		936A33F31017B63E00420E44 /* Finalize.h */ = {isa = PBXFileReference; fileEncoding = 4; lastKnownFileType = sourcecode.c.h; path = Finalize.h; sourceTree = "<group>"; };
		936A33F41017B63E00420E44 /* Finalize.c */ = {isa = PBXFileReference; fileEncoding = 4; lastKnownFileType = sourcecode.c.c; path = Finalize.c; sourceTree = "<group>"; };
		936A34011017B70800420E44 /* test.txt */ = {isa = PBXFileReference; fileEncoding = 4; lastKnownFileType = text; path = test.txt; sourceTree = "<group>"; };
		936A34181017BD3400420E44 /* Key for Inputs.txt */ = {isa = PBXFileReference; fileEncoding = 4; lastKnownFileType = text; path = "Key for Inputs.txt"; sourceTree = "<group>"; };
		C6A0FF2C0290799A04C91782 /* SteadyStateAg.1 */ = {isa = PBXFileReference; lastKnownFileType = text.man; path = SteadyStateAg.1; sourceTree = "<group>"; };
/* End PBXFileReference section */

/* Begin PBXFrameworksBuildPhase section */
		8DD76FAD0486AB0100D96B5E /* Frameworks */ = {
			isa = PBXFrameworksBuildPhase;
			buildActionMask = 2147483647;
			files = (
			);
			runOnlyForDeploymentPostprocessing = 0;
		};
/* End PBXFrameworksBuildPhase section */

/* Begin PBXGroup section */
		08FB7794FE84155DC02AAC07 /* SteadyStateAg */ = {
			isa = PBXGroup;
			children = (
				08FB7795FE84155DC02AAC07 /* Source */,
				C6A0FF2B0290797F04C91782 /* Documentation */,
				1AB674ADFE9D54B511CA2CBB /* Products */,
			);
			name = SteadyStateAg;
			sourceTree = "<group>";
		};
		08FB7795FE84155DC02AAC07 /* Source */ = {
			isa = PBXGroup;
			children = (
				936A34181017BD3400420E44 /* Key for Inputs.txt */,
				936A33F31017B63E00420E44 /* Finalize.h */,
				936A33F41017B63E00420E44 /* Finalize.c */,
				936A33ED1017B31E00420E44 /* WriteOut.h */,
				936A33EE1017B31E00420E44 /* WriteOut.c */,
				936A33E91017B26700420E44 /* Run.h */,
				936A33EA1017B26700420E44 /* Run.c */,
				936A33E51017B07F00420E44 /* FindEta.h */,
				936A33E61017B07F00420E44 /* FindEta.c */,
				936A33D91017A7BB00420E44 /* FindInitialValues.h */,
				936A33DA1017A7BB00420E44 /* FindInitialValues.c */,
				936A33C21017961900420E44 /* ReadIn.h */,
				936A33C31017961900420E44 /* ReadIn.c */,
				936A33CF1017A3EA00420E44 /* Initialize.h */,
				936A33D01017A3EA00420E44 /* Initialize.c */,
				936A34011017B70800420E44 /* test.txt */,
				936A33CC1017A24C00420E44 /* SetupInitialBed.h */,
				936A33CD1017A24C00420E44 /* SetupInitialBed.c */,
				08FB7796FE84155DC02AAC07 /* main.c */,
			);
			name = Source;
			sourceTree = "<group>";
		};
		1AB674ADFE9D54B511CA2CBB /* Products */ = {
			isa = PBXGroup;
			children = (
				8DD76FB20486AB0100D96B5E /* SteadyStateAg */,
			);
			name = Products;
			sourceTree = "<group>";
		};
		C6A0FF2B0290797F04C91782 /* Documentation */ = {
			isa = PBXGroup;
			children = (
				C6A0FF2C0290799A04C91782 /* SteadyStateAg.1 */,
			);
			name = Documentation;
			sourceTree = "<group>";
		};
/* End PBXGroup section */

/* Begin PBXNativeTarget section */
		8DD76FA90486AB0100D96B5E /* SteadyStateAg */ = {
			isa = PBXNativeTarget;
			buildConfigurationList = 1DEB928508733DD80010E9CD /* Build configuration list for PBXNativeTarget "SteadyStateAg" */;
			buildPhases = (
				8DD76FAB0486AB0100D96B5E /* Sources */,
				8DD76FAD0486AB0100D96B5E /* Frameworks */,
				8DD76FAF0486AB0100D96B5E /* CopyFiles */,
			);
			buildRules = (
			);
			dependencies = (
			);
			name = SteadyStateAg;
			productInstallPath = "$(HOME)/bin";
			productName = SteadyStateAg;
			productReference = 8DD76FB20486AB0100D96B5E /* SteadyStateAg */;
			productType = "com.apple.product-type.tool";
		};
/* End PBXNativeTarget section */

/* Begin PBXProject section */
		08FB7793FE84155DC02AAC07 /* Project object */ = {
			isa = PBXProject;
			buildConfigurationList = 1DEB928908733DD80010E9CD /* Build configuration list for PBXProject "SteadyStateAg" */;
			compatibilityVersion = "Xcode 3.1";
			hasScannedForEncodings = 1;
			mainGroup = 08FB7794FE84155DC02AAC07 /* SteadyStateAg */;
			projectDirPath = "";
			projectRoot = "";
			targets = (
				8DD76FA90486AB0100D96B5E /* SteadyStateAg */,
			);
		};
/* End PBXProject section */

/* Begin PBXSourcesBuildPhase section */
		8DD76FAB0486AB0100D96B5E /* Sources */ = {
			isa = PBXSourcesBuildPhase;
			buildActionMask = 2147483647;
			files = (
				8DD76FAC0486AB0100D96B5E /* main.c in Sources */,
				936A33C41017961900420E44 /* ReadIn.c in Sources */,
				936A33CE1017A24C00420E44 /* SetupInitialBed.c in Sources */,
				936A33D11017A3EA00420E44 /* Initialize.c in Sources */,
				936A33DB1017A7BB00420E44 /* FindInitialValues.c in Sources */,
				936A33E71017B07F00420E44 /* FindEta.c in Sources */,
				936A33EB1017B26700420E44 /* Run.c in Sources */,
				936A33EF1017B31E00420E44 /* WriteOut.c in Sources */,
				936A33F51017B63E00420E44 /* Finalize.c in Sources */,
			);
			runOnlyForDeploymentPostprocessing = 0;
		};
/* End PBXSourcesBuildPhase section */

/* Begin XCBuildConfiguration section */
		1DEB928608733DD80010E9CD /* Debug */ = {
			isa = XCBuildConfiguration;
			buildSettings = {
				ALWAYS_SEARCH_USER_PATHS = NO;
				COPY_PHASE_STRIP = NO;
				GCC_DYNAMIC_NO_PIC = NO;
				GCC_ENABLE_FIX_AND_CONTINUE = YES;
				GCC_MODEL_TUNING = G5;
				GCC_OPTIMIZATION_LEVEL = 0;
				INSTALL_PATH = /usr/local/bin;
				PRODUCT_NAME = SteadyStateAg;
			};
			name = Debug;
		};
		1DEB928708733DD80010E9CD /* Release */ = {
			isa = XCBuildConfiguration;
			buildSettings = {
				ALWAYS_SEARCH_USER_PATHS = NO;
				DEBUG_INFORMATION_FORMAT = "dwarf-with-dsym";
				GCC_MODEL_TUNING = G5;
				INSTALL_PATH = /usr/local/bin;
				PRODUCT_NAME = SteadyStateAg;
			};
			name = Release;
		};
		1DEB928A08733DD80010E9CD /* Debug */ = {
			isa = XCBuildConfiguration;
			buildSettings = {
				ARCHS = "$(ARCHS_STANDARD_32_BIT)";
				GCC_C_LANGUAGE_STANDARD = c99;
				GCC_OPTIMIZATION_LEVEL = 0;
				GCC_WARN_ABOUT_RETURN_TYPE = YES;
				GCC_WARN_UNUSED_VARIABLE = YES;
				ONLY_ACTIVE_ARCH = YES;
				PREBINDING = NO;
				SDKROOT = macosx10.5;
			};
			name = Debug;
		};
		1DEB928B08733DD80010E9CD /* Release */ = {
			isa = XCBuildConfiguration;
			buildSettings = {
				ARCHS = "$(ARCHS_STANDARD_32_BIT)";
				GCC_C_LANGUAGE_STANDARD = c99;
				GCC_WARN_ABOUT_RETURN_TYPE = YES;
				GCC_WARN_UNUSED_VARIABLE = YES;
				PREBINDING = NO;
				SDKROOT = macosx10.5;
			};
			name = Release;
		};
/* End XCBuildConfiguration section */

/* Begin XCConfigurationList section */
		1DEB928508733DD80010E9CD /* Build configuration list for PBXNativeTarget "SteadyStateAg" */ = {
			isa = XCConfigurationList;
			buildConfigurations = (
				1DEB928608733DD80010E9CD /* Debug */,
				1DEB928708733DD80010E9CD /* Release */,
			);
			defaultConfigurationIsVisible = 0;
			defaultConfigurationName = Release;
		};
		1DEB928908733DD80010E9CD /* Build configuration list for PBXProject "SteadyStateAg" */ = {
			isa = XCConfigurationList;
			buildConfigurations = (
				1DEB928A08733DD80010E9CD /* Debug */,
				1DEB928B08733DD80010E9CD /* Release */,
			);
			defaultConfigurationIsVisible = 0;
			defaultConfigurationName = Release;
		};
/* End XCConfigurationList section */
	};
	rootObject = 08FB7793FE84155DC02AAC07 /* Project object */;
}
