// !$*UTF8*$!
{
	archiveVersion = 1;
	classes = {
	};
	objectVersion = 45;
	objects = {

/* Begin PBXBuildFile section */
		8DD76FAC0486AB0100D96B5E /* main.c in Sources */ = {isa = PBXBuildFile; fileRef = 08FB7796FE84155DC02AAC07 /* main.c */; settings = {ATTRIBUTES = (); }; };
		8DD76FB00486AB0100D96B5E /* BackwaterWrightParker.1 in CopyFiles */ = {isa = PBXBuildFile; fileRef = C6A0FF2C0290799A04C91782 /* BackwaterWrightParker.1 */; };
		93326B75100798EC0084F3B1 /* Initialize.c in Sources */ = {isa = PBXBuildFile; fileRef = 93326B74100798EC0084F3B1 /* Initialize.c */; };
		93326B7910079A720084F3B1 /* SetInitialBed.c in Sources */ = {isa = PBXBuildFile; fileRef = 93326B7810079A720084F3B1 /* SetInitialBed.c */; };
		93326B8F10079DD60084F3B1 /* FluvialBackwater.c in Sources */ = {isa = PBXBuildFile; fileRef = 93326B8E10079DD60084F3B1 /* FluvialBackwater.c */; };
		93326BB51007A0EB0084F3B1 /* ComputeSfandHs.c in Sources */ = {isa = PBXBuildFile; fileRef = 93326BB41007A0EB0084F3B1 /* ComputeSfandHs.c */; };
		93326BB81007A7AC0084F3B1 /* FindTausmin.c in Sources */ = {isa = PBXBuildFile; fileRef = 93326BB71007A7AC0084F3B1 /* FindTausmin.c */; };
		93326BC81007AC6C0084F3B1 /* Run.c in Sources */ = {isa = PBXBuildFile; fileRef = 93326BC71007AC6C0084F3B1 /* Run.c */; };
		93326BE01007AEFC0084F3B1 /* WriteOut.c in Sources */ = {isa = PBXBuildFile; fileRef = 93326BDF1007AEFC0084F3B1 /* WriteOut.c */; };
		93326BE31007B07A0084F3B1 /* Finalize.c in Sources */ = {isa = PBXBuildFile; fileRef = 93326BE21007B07A0084F3B1 /* Finalize.c */; };
		93326C441007C4350084F3B1 /* FindNormalDepth.c in Sources */ = {isa = PBXBuildFile; fileRef = 93326C431007C4350084F3B1 /* FindNormalDepth.c */; };
		93326C481007C73B0084F3B1 /* fi.c in Sources */ = {isa = PBXBuildFile; fileRef = 93326C471007C73B0084F3B1 /* fi.c */; };
		935E961210064ED500099F9D /* ReadIn.c in Sources */ = {isa = PBXBuildFile; fileRef = 935E961110064ED500099F9D /* ReadIn.c */; };
/* End PBXBuildFile section */

/* Begin PBXCopyFilesBuildPhase section */
		8DD76FAF0486AB0100D96B5E /* CopyFiles */ = {
			isa = PBXCopyFilesBuildPhase;
			buildActionMask = 8;
			dstPath = /usr/share/man/man1/;
			dstSubfolderSpec = 0;
			files = (
				8DD76FB00486AB0100D96B5E /* BackwaterWrightParker.1 in CopyFiles */,
			);
			runOnlyForDeploymentPostprocessing = 1;
		};
/* End PBXCopyFilesBuildPhase section */

/* Begin PBXFileReference section */
		08FB7796FE84155DC02AAC07 /* main.c */ = {isa = PBXFileReference; fileEncoding = 4; lastKnownFileType = sourcecode.c.c; path = main.c; sourceTree = "<group>"; };
		8DD76FB20486AB0100D96B5E /* BackwaterWrightParker */ = {isa = PBXFileReference; explicitFileType = "compiled.mach-o.executable"; includeInIndex = 0; path = BackwaterWrightParker; sourceTree = BUILT_PRODUCTS_DIR; };
		93326B73100798EC0084F3B1 /* Initialize.h */ = {isa = PBXFileReference; fileEncoding = 4; lastKnownFileType = sourcecode.c.h; path = Initialize.h; sourceTree = "<group>"; };
		93326B74100798EC0084F3B1 /* Initialize.c */ = {isa = PBXFileReference; fileEncoding = 4; lastKnownFileType = sourcecode.c.c; path = Initialize.c; sourceTree = "<group>"; };
		93326B7710079A720084F3B1 /* SetInitialBed.h */ = {isa = PBXFileReference; fileEncoding = 4; lastKnownFileType = sourcecode.c.h; path = SetInitialBed.h; sourceTree = "<group>"; };
		93326B7810079A720084F3B1 /* SetInitialBed.c */ = {isa = PBXFileReference; fileEncoding = 4; lastKnownFileType = sourcecode.c.c; path = SetInitialBed.c; sourceTree = "<group>"; };
		93326B8D10079DD60084F3B1 /* FluvialBackwater.h */ = {isa = PBXFileReference; fileEncoding = 4; lastKnownFileType = sourcecode.c.h; path = FluvialBackwater.h; sourceTree = "<group>"; };
		93326B8E10079DD60084F3B1 /* FluvialBackwater.c */ = {isa = PBXFileReference; fileEncoding = 4; lastKnownFileType = sourcecode.c.c; path = FluvialBackwater.c; sourceTree = "<group>"; };
		93326BB31007A0EB0084F3B1 /* ComputeSfandHs.h */ = {isa = PBXFileReference; fileEncoding = 4; lastKnownFileType = sourcecode.c.h; path = ComputeSfandHs.h; sourceTree = "<group>"; };
		93326BB41007A0EB0084F3B1 /* ComputeSfandHs.c */ = {isa = PBXFileReference; fileEncoding = 4; lastKnownFileType = sourcecode.c.c; path = ComputeSfandHs.c; sourceTree = "<group>"; };
		93326BB61007A7AC0084F3B1 /* FindTausmin.h */ = {isa = PBXFileReference; fileEncoding = 4; lastKnownFileType = sourcecode.c.h; path = FindTausmin.h; sourceTree = "<group>"; };
		93326BB71007A7AC0084F3B1 /* FindTausmin.c */ = {isa = PBXFileReference; fileEncoding = 4; lastKnownFileType = sourcecode.c.c; path = FindTausmin.c; sourceTree = "<group>"; };
		93326BC61007AC6C0084F3B1 /* Run.h */ = {isa = PBXFileReference; fileEncoding = 4; lastKnownFileType = sourcecode.c.h; path = Run.h; sourceTree = "<group>"; };
		93326BC71007AC6C0084F3B1 /* Run.c */ = {isa = PBXFileReference; fileEncoding = 4; lastKnownFileType = sourcecode.c.c; path = Run.c; sourceTree = "<group>"; };
		93326BDE1007AEFC0084F3B1 /* WriteOut.h */ = {isa = PBXFileReference; fileEncoding = 4; lastKnownFileType = sourcecode.c.h; path = WriteOut.h; sourceTree = "<group>"; };
		93326BDF1007AEFC0084F3B1 /* WriteOut.c */ = {isa = PBXFileReference; fileEncoding = 4; lastKnownFileType = sourcecode.c.c; path = WriteOut.c; sourceTree = "<group>"; };
		93326BE11007B07A0084F3B1 /* Finalize.h */ = {isa = PBXFileReference; fileEncoding = 4; lastKnownFileType = sourcecode.c.h; path = Finalize.h; sourceTree = "<group>"; };
		93326BE21007B07A0084F3B1 /* Finalize.c */ = {isa = PBXFileReference; fileEncoding = 4; lastKnownFileType = sourcecode.c.c; path = Finalize.c; sourceTree = "<group>"; };
		93326BE51007B11D0084F3B1 /* test.txt */ = {isa = PBXFileReference; fileEncoding = 4; lastKnownFileType = text; path = test.txt; sourceTree = "<group>"; };
		93326C421007C4350084F3B1 /* FindNormalDepth.h */ = {isa = PBXFileReference; fileEncoding = 4; lastKnownFileType = sourcecode.c.h; path = FindNormalDepth.h; sourceTree = "<group>"; };
		93326C431007C4350084F3B1 /* FindNormalDepth.c */ = {isa = PBXFileReference; fileEncoding = 4; lastKnownFileType = sourcecode.c.c; path = FindNormalDepth.c; sourceTree = "<group>"; };
		93326C461007C73B0084F3B1 /* fi.h */ = {isa = PBXFileReference; fileEncoding = 4; lastKnownFileType = sourcecode.c.h; path = fi.h; sourceTree = "<group>"; };
		93326C471007C73B0084F3B1 /* fi.c */ = {isa = PBXFileReference; fileEncoding = 4; lastKnownFileType = sourcecode.c.c; path = fi.c; sourceTree = "<group>"; };
		93326C5D1007D16D0084F3B1 /* Key for Inputs.txt */ = {isa = PBXFileReference; fileEncoding = 4; lastKnownFileType = text; path = "Key for Inputs.txt"; sourceTree = "<group>"; };
		935E961010064ED500099F9D /* ReadIn.h */ = {isa = PBXFileReference; fileEncoding = 4; lastKnownFileType = sourcecode.c.h; path = ReadIn.h; sourceTree = "<group>"; };
		935E961110064ED500099F9D /* ReadIn.c */ = {isa = PBXFileReference; fileEncoding = 4; lastKnownFileType = sourcecode.c.c; path = ReadIn.c; sourceTree = "<group>"; };
		C6A0FF2C0290799A04C91782 /* BackwaterWrightParker.1 */ = {isa = PBXFileReference; lastKnownFileType = text.man; path = BackwaterWrightParker.1; sourceTree = "<group>"; };
/* End PBXFileReference section */

/* Begin PBXFrameworksBuildPhase section */
		8DD76FAD0486AB0100D96B5E /* Frameworks */ = {
			isa = PBXFrameworksBuildPhase;
			buildActionMask = 2147483647;
			files = (
			);
			runOnlyForDeploymentPostprocessing = 0;
		};
/* End PBXFrameworksBuildPhase section */

/* Begin PBXGroup section */
		08FB7794FE84155DC02AAC07 /* BackwaterWrightParker */ = {
			isa = PBXGroup;
			children = (
				08FB7795FE84155DC02AAC07 /* Source */,
				C6A0FF2B0290797F04C91782 /* Documentation */,
				1AB674ADFE9D54B511CA2CBB /* Products */,
			);
			name = BackwaterWrightParker;
			sourceTree = "<group>";
		};
		08FB7795FE84155DC02AAC07 /* Source */ = {
			isa = PBXGroup;
			children = (
				93326C461007C73B0084F3B1 /* fi.h */,
				93326C471007C73B0084F3B1 /* fi.c */,
				93326C5D1007D16D0084F3B1 /* Key for Inputs.txt */,
				93326BE11007B07A0084F3B1 /* Finalize.h */,
				93326BE21007B07A0084F3B1 /* Finalize.c */,
				93326BDE1007AEFC0084F3B1 /* WriteOut.h */,
				93326BDF1007AEFC0084F3B1 /* WriteOut.c */,
				93326BC61007AC6C0084F3B1 /* Run.h */,
				93326BC71007AC6C0084F3B1 /* Run.c */,
				93326BB61007A7AC0084F3B1 /* FindTausmin.h */,
				93326BB71007A7AC0084F3B1 /* FindTausmin.c */,
				93326BB31007A0EB0084F3B1 /* ComputeSfandHs.h */,
				93326BB41007A0EB0084F3B1 /* ComputeSfandHs.c */,
				93326C421007C4350084F3B1 /* FindNormalDepth.h */,
				93326C431007C4350084F3B1 /* FindNormalDepth.c */,
				93326BE51007B11D0084F3B1 /* test.txt */,
				93326B8D10079DD60084F3B1 /* FluvialBackwater.h */,
				93326B8E10079DD60084F3B1 /* FluvialBackwater.c */,
				93326B7710079A720084F3B1 /* SetInitialBed.h */,
				93326B7810079A720084F3B1 /* SetInitialBed.c */,
				935E961010064ED500099F9D /* ReadIn.h */,
				935E961110064ED500099F9D /* ReadIn.c */,
				93326B73100798EC0084F3B1 /* Initialize.h */,
				93326B74100798EC0084F3B1 /* Initialize.c */,
				08FB7796FE84155DC02AAC07 /* main.c */,
			);
			name = Source;
			sourceTree = "<group>";
		};
		1AB674ADFE9D54B511CA2CBB /* Products */ = {
			isa = PBXGroup;
			children = (
				8DD76FB20486AB0100D96B5E /* BackwaterWrightParker */,
			);
			name = Products;
			sourceTree = "<group>";
		};
		C6A0FF2B0290797F04C91782 /* Documentation */ = {
			isa = PBXGroup;
			children = (
				C6A0FF2C0290799A04C91782 /* BackwaterWrightParker.1 */,
			);
			name = Documentation;
			sourceTree = "<group>";
		};
/* End PBXGroup section */

/* Begin PBXNativeTarget section */
		8DD76FA90486AB0100D96B5E /* BackwaterWrightParker */ = {
			isa = PBXNativeTarget;
			buildConfigurationList = 1DEB928508733DD80010E9CD /* Build configuration list for PBXNativeTarget "BackwaterWrightParker" */;
			buildPhases = (
				8DD76FAB0486AB0100D96B5E /* Sources */,
				8DD76FAD0486AB0100D96B5E /* Frameworks */,
				8DD76FAF0486AB0100D96B5E /* CopyFiles */,
			);
			buildRules = (
			);
			dependencies = (
			);
			name = BackwaterWrightParker;
			productInstallPath = "$(HOME)/bin";
			productName = BackwaterWrightParker;
			productReference = 8DD76FB20486AB0100D96B5E /* BackwaterWrightParker */;
			productType = "com.apple.product-type.tool";
		};
/* End PBXNativeTarget section */

/* Begin PBXProject section */
		08FB7793FE84155DC02AAC07 /* Project object */ = {
			isa = PBXProject;
			buildConfigurationList = 1DEB928908733DD80010E9CD /* Build configuration list for PBXProject "BackwaterWrightParker" */;
			compatibilityVersion = "Xcode 3.1";
			hasScannedForEncodings = 1;
			mainGroup = 08FB7794FE84155DC02AAC07 /* BackwaterWrightParker */;
			projectDirPath = "";
			projectRoot = "";
			targets = (
				8DD76FA90486AB0100D96B5E /* BackwaterWrightParker */,
			);
		};
/* End PBXProject section */

/* Begin PBXSourcesBuildPhase section */
		8DD76FAB0486AB0100D96B5E /* Sources */ = {
			isa = PBXSourcesBuildPhase;
			buildActionMask = 2147483647;
			files = (
				8DD76FAC0486AB0100D96B5E /* main.c in Sources */,
				935E961210064ED500099F9D /* ReadIn.c in Sources */,
				93326B75100798EC0084F3B1 /* Initialize.c in Sources */,
				93326B7910079A720084F3B1 /* SetInitialBed.c in Sources */,
				93326B8F10079DD60084F3B1 /* FluvialBackwater.c in Sources */,
				93326BB51007A0EB0084F3B1 /* ComputeSfandHs.c in Sources */,
				93326BB81007A7AC0084F3B1 /* FindTausmin.c in Sources */,
				93326BC81007AC6C0084F3B1 /* Run.c in Sources */,
				93326BE01007AEFC0084F3B1 /* WriteOut.c in Sources */,
				93326BE31007B07A0084F3B1 /* Finalize.c in Sources */,
				93326C441007C4350084F3B1 /* FindNormalDepth.c in Sources */,
				93326C481007C73B0084F3B1 /* fi.c in Sources */,
			);
			runOnlyForDeploymentPostprocessing = 0;
		};
/* End PBXSourcesBuildPhase section */

/* Begin XCBuildConfiguration section */
		1DEB928608733DD80010E9CD /* Debug */ = {
			isa = XCBuildConfiguration;
			buildSettings = {
				ALWAYS_SEARCH_USER_PATHS = NO;
				COPY_PHASE_STRIP = NO;
				GCC_DYNAMIC_NO_PIC = NO;
				GCC_ENABLE_FIX_AND_CONTINUE = YES;
				GCC_MODEL_TUNING = G5;
				GCC_OPTIMIZATION_LEVEL = 0;
				INSTALL_PATH = /usr/local/bin;
				PRODUCT_NAME = BackwaterWrightParker;
			};
			name = Debug;
		};
		1DEB928708733DD80010E9CD /* Release */ = {
			isa = XCBuildConfiguration;
			buildSettings = {
				ALWAYS_SEARCH_USER_PATHS = NO;
				DEBUG_INFORMATION_FORMAT = "dwarf-with-dsym";
				GCC_MODEL_TUNING = G5;
				INSTALL_PATH = /usr/local/bin;
				PRODUCT_NAME = BackwaterWrightParker;
			};
			name = Release;
		};
		1DEB928A08733DD80010E9CD /* Debug */ = {
			isa = XCBuildConfiguration;
			buildSettings = {
				ARCHS = "$(ARCHS_STANDARD_32_BIT)";
				GCC_C_LANGUAGE_STANDARD = c99;
				GCC_OPTIMIZATION_LEVEL = 0;
				GCC_WARN_ABOUT_RETURN_TYPE = YES;
				GCC_WARN_UNUSED_VARIABLE = YES;
				ONLY_ACTIVE_ARCH = YES;
				PREBINDING = NO;
				SDKROOT = macosx10.5;
			};
			name = Debug;
		};
		1DEB928B08733DD80010E9CD /* Release */ = {
			isa = XCBuildConfiguration;
			buildSettings = {
				ARCHS = "$(ARCHS_STANDARD_32_BIT)";
				GCC_C_LANGUAGE_STANDARD = c99;
				GCC_WARN_ABOUT_RETURN_TYPE = YES;
				GCC_WARN_UNUSED_VARIABLE = YES;
				PREBINDING = NO;
				SDKROOT = macosx10.5;
			};
			name = Release;
		};
/* End XCBuildConfiguration section */

/* Begin XCConfigurationList section */
		1DEB928508733DD80010E9CD /* Build configuration list for PBXNativeTarget "BackwaterWrightParker" */ = {
			isa = XCConfigurationList;
			buildConfigurations = (
				1DEB928608733DD80010E9CD /* Debug */,
				1DEB928708733DD80010E9CD /* Release */,
			);
			defaultConfigurationIsVisible = 0;
			defaultConfigurationName = Release;
		};
		1DEB928908733DD80010E9CD /* Build configuration list for PBXProject "BackwaterWrightParker" */ = {
			isa = XCConfigurationList;
			buildConfigurations = (
				1DEB928A08733DD80010E9CD /* Debug */,
				1DEB928B08733DD80010E9CD /* Release */,
			);
			defaultConfigurationIsVisible = 0;
			defaultConfigurationName = Release;
		};
/* End XCConfigurationList section */
	};
	rootObject = 08FB7793FE84155DC02AAC07 /* Project object */;
}
