// !$*UTF8*$!
{
	archiveVersion = 1;
	classes = {
	};
	objectVersion = 45;
	objects = {

/* Begin PBXBuildFile section */
		8DD76FAC0486AB0100D96B5E /* main.c in Sources */ = {isa = PBXBuildFile; fileRef = 08FB7796FE84155DC02AAC07 /* main.c */; settings = {ATTRIBUTES = (); }; };
		8DD76FB00486AB0100D96B5E /* GSD Calculator.1 in CopyFiles */ = {isa = PBXBuildFile; fileRef = C6A0FF2C0290799A04C91782 /* GSD Calculator.1 */; };
		930FEC350FCEFADC00485647 /* WriteOut.c in Sources */ = {isa = PBXBuildFile; fileRef = 930FEC340FCEFADC00485647 /* WriteOut.c */; };
		930FEC560FCF015100485647 /* GeometricMean.c in Sources */ = {isa = PBXBuildFile; fileRef = 930FEC550FCF015100485647 /* GeometricMean.c */; };
		930FEC6D0FCF082D00485647 /* GeometricStandardDeviation.c in Sources */ = {isa = PBXBuildFile; fileRef = 930FEC6C0FCF082D00485647 /* GeometricStandardDeviation.c */; };
		930FECBF0FCF250E00485647 /* EndpointCheck.c in Sources */ = {isa = PBXBuildFile; fileRef = 930FECBE0FCF250E00485647 /* EndpointCheck.c */; };
		930FECEC0FCF39A200485647 /* Scaling.c in Sources */ = {isa = PBXBuildFile; fileRef = 930FECEB0FCF39A200485647 /* Scaling.c */; };
		930FECFF0FCF3ECE00485647 /* Interpolation.c in Sources */ = {isa = PBXBuildFile; fileRef = 930FECFE0FCF3ECE00485647 /* Interpolation.c */; };
		939A68280FCDAFF200439555 /* Reorder.c in Sources */ = {isa = PBXBuildFile; fileRef = 939A68270FCDAFF200439555 /* Reorder.c */; };
		939A682C0FCDB08A00439555 /* ReadIn.c in Sources */ = {isa = PBXBuildFile; fileRef = 939A682B0FCDB08A00439555 /* ReadIn.c */; };
		93CC25520FFAA60C001F3ED3 /* Initialize.c in Sources */ = {isa = PBXBuildFile; fileRef = 93CC25510FFAA60C001F3ED3 /* Initialize.c */; };
		93CC25550FFAA8B4001F3ED3 /* Run.c in Sources */ = {isa = PBXBuildFile; fileRef = 93CC25540FFAA8B4001F3ED3 /* Run.c */; };
		93CC25580FFAAA2A001F3ED3 /* Finalize.c in Sources */ = {isa = PBXBuildFile; fileRef = 93CC25570FFAAA2A001F3ED3 /* Finalize.c */; };
/* End PBXBuildFile section */

/* Begin PBXCopyFilesBuildPhase section */
		8DD76FAF0486AB0100D96B5E /* CopyFiles */ = {
			isa = PBXCopyFilesBuildPhase;
			buildActionMask = 8;
			dstPath = /usr/share/man/man1/;
			dstSubfolderSpec = 0;
			files = (
				8DD76FB00486AB0100D96B5E /* GSD Calculator.1 in CopyFiles */,
			);
			runOnlyForDeploymentPostprocessing = 1;
		};
/* End PBXCopyFilesBuildPhase section */

/* Begin PBXFileReference section */
		08FB7796FE84155DC02AAC07 /* main.c */ = {isa = PBXFileReference; fileEncoding = 4; lastKnownFileType = sourcecode.c.c; path = main.c; sourceTree = "<group>"; };
		8DD76FB20486AB0100D96B5E /* GSD Calculator */ = {isa = PBXFileReference; explicitFileType = "compiled.mach-o.executable"; includeInIndex = 0; path = "GSD Calculator"; sourceTree = BUILT_PRODUCTS_DIR; };
		930FEC330FCEFADC00485647 /* WriteOut.h */ = {isa = PBXFileReference; fileEncoding = 4; lastKnownFileType = sourcecode.c.h; path = WriteOut.h; sourceTree = "<group>"; };
		930FEC340FCEFADC00485647 /* WriteOut.c */ = {isa = PBXFileReference; fileEncoding = 4; lastKnownFileType = sourcecode.c.c; path = WriteOut.c; sourceTree = "<group>"; };
		930FEC540FCF015100485647 /* GeometricMean.h */ = {isa = PBXFileReference; fileEncoding = 4; lastKnownFileType = sourcecode.c.h; path = GeometricMean.h; sourceTree = "<group>"; };
		930FEC550FCF015100485647 /* GeometricMean.c */ = {isa = PBXFileReference; fileEncoding = 4; lastKnownFileType = sourcecode.c.c; path = GeometricMean.c; sourceTree = "<group>"; };
		930FEC6B0FCF082D00485647 /* GeometricStandardDeviation.h */ = {isa = PBXFileReference; fileEncoding = 4; lastKnownFileType = sourcecode.c.h; path = GeometricStandardDeviation.h; sourceTree = "<group>"; };
		930FEC6C0FCF082D00485647 /* GeometricStandardDeviation.c */ = {isa = PBXFileReference; fileEncoding = 4; lastKnownFileType = sourcecode.c.c; path = GeometricStandardDeviation.c; sourceTree = "<group>"; };
		930FECBD0FCF250E00485647 /* EndpointCheck.h */ = {isa = PBXFileReference; fileEncoding = 4; lastKnownFileType = sourcecode.c.h; path = EndpointCheck.h; sourceTree = "<group>"; };
		930FECBE0FCF250E00485647 /* EndpointCheck.c */ = {isa = PBXFileReference; fileEncoding = 4; lastKnownFileType = sourcecode.c.c; path = EndpointCheck.c; sourceTree = "<group>"; };
		930FECEA0FCF39A200485647 /* Scaling.h */ = {isa = PBXFileReference; fileEncoding = 4; lastKnownFileType = sourcecode.c.h; path = Scaling.h; sourceTree = "<group>"; };
		930FECEB0FCF39A200485647 /* Scaling.c */ = {isa = PBXFileReference; fileEncoding = 4; lastKnownFileType = sourcecode.c.c; path = Scaling.c; sourceTree = "<group>"; };
		930FECFD0FCF3ECE00485647 /* Interpolation.h */ = {isa = PBXFileReference; fileEncoding = 4; lastKnownFileType = sourcecode.c.h; path = Interpolation.h; sourceTree = "<group>"; };
		930FECFE0FCF3ECE00485647 /* Interpolation.c */ = {isa = PBXFileReference; fileEncoding = 4; lastKnownFileType = sourcecode.c.c; path = Interpolation.c; sourceTree = "<group>"; };
		939A68260FCDAFF200439555 /* Reorder.h */ = {isa = PBXFileReference; fileEncoding = 4; lastKnownFileType = sourcecode.c.h; path = Reorder.h; sourceTree = "<group>"; };
		939A68270FCDAFF200439555 /* Reorder.c */ = {isa = PBXFileReference; fileEncoding = 4; lastKnownFileType = sourcecode.c.c; path = Reorder.c; sourceTree = "<group>"; };
		939A682A0FCDB08A00439555 /* ReadIn.h */ = {isa = PBXFileReference; fileEncoding = 4; lastKnownFileType = sourcecode.c.h; path = ReadIn.h; sourceTree = "<group>"; };
		939A682B0FCDB08A00439555 /* ReadIn.c */ = {isa = PBXFileReference; fileEncoding = 4; lastKnownFileType = sourcecode.c.c; path = ReadIn.c; sourceTree = "<group>"; };
		939A684C0FCDB7B200439555 /* test.txt */ = {isa = PBXFileReference; fileEncoding = 4; lastKnownFileType = text; path = test.txt; sourceTree = "<group>"; };
		93BEFD090FD4454000CD169A /* Key for Inputs.txt */ = {isa = PBXFileReference; fileEncoding = 4; lastKnownFileType = text; path = "Key for Inputs.txt"; sourceTree = "<group>"; };
		93CC25500FFAA60C001F3ED3 /* Initialize.h */ = {isa = PBXFileReference; fileEncoding = 4; lastKnownFileType = sourcecode.c.h; path = Initialize.h; sourceTree = "<group>"; };
		93CC25510FFAA60C001F3ED3 /* Initialize.c */ = {isa = PBXFileReference; fileEncoding = 4; lastKnownFileType = sourcecode.c.c; path = Initialize.c; sourceTree = "<group>"; };
		93CC25530FFAA8B4001F3ED3 /* Run.h */ = {isa = PBXFileReference; fileEncoding = 4; lastKnownFileType = sourcecode.c.h; path = Run.h; sourceTree = "<group>"; };
		93CC25540FFAA8B4001F3ED3 /* Run.c */ = {isa = PBXFileReference; fileEncoding = 4; lastKnownFileType = sourcecode.c.c; path = Run.c; sourceTree = "<group>"; };
		93CC25560FFAAA2A001F3ED3 /* Finalize.h */ = {isa = PBXFileReference; fileEncoding = 4; lastKnownFileType = sourcecode.c.h; path = Finalize.h; sourceTree = "<group>"; };
		93CC25570FFAAA2A001F3ED3 /* Finalize.c */ = {isa = PBXFileReference; fileEncoding = 4; lastKnownFileType = sourcecode.c.c; path = Finalize.c; sourceTree = "<group>"; };
		C6A0FF2C0290799A04C91782 /* GSD Calculator.1 */ = {isa = PBXFileReference; lastKnownFileType = text.man; path = "GSD Calculator.1"; sourceTree = "<group>"; };
/* End PBXFileReference section */

/* Begin PBXFrameworksBuildPhase section */
		8DD76FAD0486AB0100D96B5E /* Frameworks */ = {
			isa = PBXFrameworksBuildPhase;
			buildActionMask = 2147483647;
			files = (
			);
			runOnlyForDeploymentPostprocessing = 0;
		};
/* End PBXFrameworksBuildPhase section */

/* Begin PBXGroup section */
		08FB7794FE84155DC02AAC07 /* GSD Calculator */ = {
			isa = PBXGroup;
			children = (
				08FB7795FE84155DC02AAC07 /* Source */,
				C6A0FF2B0290797F04C91782 /* Documentation */,
				1AB674ADFE9D54B511CA2CBB /* Products */,
			);
			name = "GSD Calculator";
			sourceTree = "<group>";
		};
		08FB7795FE84155DC02AAC07 /* Source */ = {
			isa = PBXGroup;
			children = (
				93CC25560FFAAA2A001F3ED3 /* Finalize.h */,
				93CC25570FFAAA2A001F3ED3 /* Finalize.c */,
				93CC25530FFAA8B4001F3ED3 /* Run.h */,
				93CC25540FFAA8B4001F3ED3 /* Run.c */,
				93CC25500FFAA60C001F3ED3 /* Initialize.h */,
				93CC25510FFAA60C001F3ED3 /* Initialize.c */,
				930FECFD0FCF3ECE00485647 /* Interpolation.h */,
				930FECFE0FCF3ECE00485647 /* Interpolation.c */,
				930FECEA0FCF39A200485647 /* Scaling.h */,
				930FECEB0FCF39A200485647 /* Scaling.c */,
				930FECBD0FCF250E00485647 /* EndpointCheck.h */,
				930FECBE0FCF250E00485647 /* EndpointCheck.c */,
				930FEC6B0FCF082D00485647 /* GeometricStandardDeviation.h */,
				930FEC6C0FCF082D00485647 /* GeometricStandardDeviation.c */,
				930FEC540FCF015100485647 /* GeometricMean.h */,
				930FEC550FCF015100485647 /* GeometricMean.c */,
				930FEC330FCEFADC00485647 /* WriteOut.h */,
				930FEC340FCEFADC00485647 /* WriteOut.c */,
				939A682A0FCDB08A00439555 /* ReadIn.h */,
				939A682B0FCDB08A00439555 /* ReadIn.c */,
				939A68260FCDAFF200439555 /* Reorder.h */,
				939A68270FCDAFF200439555 /* Reorder.c */,
				939A684C0FCDB7B200439555 /* test.txt */,
				08FB7796FE84155DC02AAC07 /* main.c */,
				93BEFD090FD4454000CD169A /* Key for Inputs.txt */,
			);
			name = Source;
			sourceTree = "<group>";
		};
		1AB674ADFE9D54B511CA2CBB /* Products */ = {
			isa = PBXGroup;
			children = (
				8DD76FB20486AB0100D96B5E /* GSD Calculator */,
			);
			name = Products;
			sourceTree = "<group>";
		};
		C6A0FF2B0290797F04C91782 /* Documentation */ = {
			isa = PBXGroup;
			children = (
				C6A0FF2C0290799A04C91782 /* GSD Calculator.1 */,
			);
			name = Documentation;
			sourceTree = "<group>";
		};
/* End PBXGroup section */

/* Begin PBXNativeTarget section */
		8DD76FA90486AB0100D96B5E /* GSD Calculator */ = {
			isa = PBXNativeTarget;
			buildConfigurationList = 1DEB928508733DD80010E9CD /* Build configuration list for PBXNativeTarget "GSD Calculator" */;
			buildPhases = (
				8DD76FAB0486AB0100D96B5E /* Sources */,
				8DD76FAD0486AB0100D96B5E /* Frameworks */,
				8DD76FAF0486AB0100D96B5E /* CopyFiles */,
			);
			buildRules = (
			);
			dependencies = (
			);
			name = "GSD Calculator";
			productInstallPath = "$(HOME)/bin";
			productName = "GSD Calculator";
			productReference = 8DD76FB20486AB0100D96B5E /* GSD Calculator */;
			productType = "com.apple.product-type.tool";
		};
/* End PBXNativeTarget section */

/* Begin PBXProject section */
		08FB7793FE84155DC02AAC07 /* Project object */ = {
			isa = PBXProject;
			buildConfigurationList = 1DEB928908733DD80010E9CD /* Build configuration list for PBXProject "GSD Calculator" */;
			compatibilityVersion = "Xcode 3.1";
			hasScannedForEncodings = 1;
			mainGroup = 08FB7794FE84155DC02AAC07 /* GSD Calculator */;
			projectDirPath = "";
			projectRoot = "";
			targets = (
				8DD76FA90486AB0100D96B5E /* GSD Calculator */,
			);
		};
/* End PBXProject section */

/* Begin PBXSourcesBuildPhase section */
		8DD76FAB0486AB0100D96B5E /* Sources */ = {
			isa = PBXSourcesBuildPhase;
			buildActionMask = 2147483647;
			files = (
				8DD76FAC0486AB0100D96B5E /* main.c in Sources */,
				939A68280FCDAFF200439555 /* Reorder.c in Sources */,
				939A682C0FCDB08A00439555 /* ReadIn.c in Sources */,
				930FEC350FCEFADC00485647 /* WriteOut.c in Sources */,
				930FEC560FCF015100485647 /* GeometricMean.c in Sources */,
				930FEC6D0FCF082D00485647 /* GeometricStandardDeviation.c in Sources */,
				930FECBF0FCF250E00485647 /* EndpointCheck.c in Sources */,
				930FECEC0FCF39A200485647 /* Scaling.c in Sources */,
				930FECFF0FCF3ECE00485647 /* Interpolation.c in Sources */,
				93CC25520FFAA60C001F3ED3 /* Initialize.c in Sources */,
				93CC25550FFAA8B4001F3ED3 /* Run.c in Sources */,
				93CC25580FFAAA2A001F3ED3 /* Finalize.c in Sources */,
			);
			runOnlyForDeploymentPostprocessing = 0;
		};
/* End PBXSourcesBuildPhase section */

/* Begin XCBuildConfiguration section */
		1DEB928608733DD80010E9CD /* Debug */ = {
			isa = XCBuildConfiguration;
			buildSettings = {
				ALWAYS_SEARCH_USER_PATHS = NO;
				COPY_PHASE_STRIP = NO;
				GCC_DYNAMIC_NO_PIC = NO;
				GCC_ENABLE_FIX_AND_CONTINUE = YES;
				GCC_MODEL_TUNING = G5;
				GCC_OPTIMIZATION_LEVEL = 0;
				INSTALL_PATH = /usr/local/bin;
				PRODUCT_NAME = "GSD Calculator";
			};
			name = Debug;
		};
		1DEB928708733DD80010E9CD /* Release */ = {
			isa = XCBuildConfiguration;
			buildSettings = {
				ALWAYS_SEARCH_USER_PATHS = NO;
				DEBUG_INFORMATION_FORMAT = "dwarf-with-dsym";
				GCC_MODEL_TUNING = G5;
				INSTALL_PATH = /usr/local/bin;
				PRODUCT_NAME = "GSD Calculator";
			};
			name = Release;
		};
		1DEB928A08733DD80010E9CD /* Debug */ = {
			isa = XCBuildConfiguration;
			buildSettings = {
				ARCHS = "$(ARCHS_STANDARD_32_BIT)";
				GCC_C_LANGUAGE_STANDARD = c99;
				GCC_OPTIMIZATION_LEVEL = 0;
				GCC_WARN_ABOUT_RETURN_TYPE = YES;
				GCC_WARN_UNUSED_VARIABLE = YES;
				ONLY_ACTIVE_ARCH = YES;
				PREBINDING = NO;
				SDKROOT = macosx10.5;
			};
			name = Debug;
		};
		1DEB928B08733DD80010E9CD /* Release */ = {
			isa = XCBuildConfiguration;
			buildSettings = {
				ARCHS = "$(ARCHS_STANDARD_32_BIT)";
				GCC_C_LANGUAGE_STANDARD = c99;
				GCC_WARN_ABOUT_RETURN_TYPE = YES;
				GCC_WARN_UNUSED_VARIABLE = YES;
				PREBINDING = NO;
				SDKROOT = macosx10.5;
			};
			name = Release;
		};
/* End XCBuildConfiguration section */

/* Begin XCConfigurationList section */
		1DEB928508733DD80010E9CD /* Build configuration list for PBXNativeTarget "GSD Calculator" */ = {
			isa = XCConfigurationList;
			buildConfigurations = (
				1DEB928608733DD80010E9CD /* Debug */,
				1DEB928708733DD80010E9CD /* Release */,
			);
			defaultConfigurationIsVisible = 0;
			defaultConfigurationName = Release;
		};
		1DEB928908733DD80010E9CD /* Build configuration list for PBXProject "GSD Calculator" */ = {
			isa = XCConfigurationList;
			buildConfigurations = (
				1DEB928A08733DD80010E9CD /* Debug */,
				1DEB928B08733DD80010E9CD /* Release */,
			);
			defaultConfigurationIsVisible = 0;
			defaultConfigurationName = Release;
		};
/* End XCConfigurationList section */
	};
	rootObject = 08FB7793FE84155DC02AAC07 /* Project object */;
}
